
Microsoft Visual Studio Solution File, Format Version 12.00
# Visual Studio Version 17
VisualStudioVersion = 17.11.35312.102
MinimumVisualStudioVersion = 10.0.40219.1
Project("{FAE04EC0-301F-11D3-BF4B-00C04F79EFBC}") = "To-DoList", "To-DoList.csproj", "{C9CFCC32-FEDC-4260-90EA-A1CB545D170C}"
EndProject
Global
	GlobalSection(SolutionConfigurationPlatforms) = preSolution
		Debug|Any CPU = Debug|Any CPU
		Release|Any CPU = Release|Any CPU
	EndGlobalSection
	GlobalSection(ProjectConfigurationPlatforms) = postSolution
		{C9CFCC32-FEDC-4260-90EA-A1CB545D170C}.Debug|Any CPU.ActiveCfg = Debug|Any CPU
		{C9CFCC32-FEDC-4260-90EA-A1CB545D170C}.Debug|Any CPU.Build.0 = Debug|Any CPU
		{C9CFCC32-FEDC-4260-90EA-A1CB545D170C}.Release|Any CPU.ActiveCfg = Release|Any CPU
		{C9CFCC32-FEDC-4260-90EA-A1CB545D170C}.Release|Any CPU.Build.0 = Release|Any CPU
	EndGlobalSection
	GlobalSection(SolutionProperties) = preSolution
		HideSolutionNode = FALSE
	EndGlobalSection
	GlobalSection(ExtensibilityGlobals) = postSolution
		SolutionGuid = {2A26E9AE-A4EB-4611-9C9A-2CDE7E2F2A6B}
	EndGlobalSection
EndGlobal
